// !$*UTF8*$!
{
	archiveVersion = 1;
	classes = {
	};
	objectVersion = 46;
	objects = {

/* Begin PBXBuildFile section */
		7EEAF5541C1B0F380007374E /* main.m in Sources */ = {isa = PBXBuildFile; fileRef = 7EEAF5531C1B0F380007374E /* main.m */; };
		7EEAF5571C1B0F380007374E /* AppDelegate.m in Sources */ = {isa = PBXBuildFile; fileRef = 7EEAF5561C1B0F380007374E /* AppDelegate.m */; };
		7EEAF55D1C1B0F380007374E /* Main.storyboard in Resources */ = {isa = PBXBuildFile; fileRef = 7EEAF55B1C1B0F380007374E /* Main.storyboard */; };
		7EEAF55F1C1B0F380007374E /* Assets.xcassets in Resources */ = {isa = PBXBuildFile; fileRef = 7EEAF55E1C1B0F380007374E /* Assets.xcassets */; };
		7EEAF5621C1B0F380007374E /* LaunchScreen.storyboard in Resources */ = {isa = PBXBuildFile; fileRef = 7EEAF5601C1B0F380007374E /* LaunchScreen.storyboard */; };
		7EEAF56B1C1B0FB10007374E /* ImageCollectionViewCell.m in Sources */ = {isa = PBXBuildFile; fileRef = 7EEAF56A1C1B0FB10007374E /* ImageCollectionViewCell.m */; settings = {ASSET_TAGS = (); }; };
		7EEAF56E1C1B0FDF0007374E /* CollectionViewController.m in Sources */ = {isa = PBXBuildFile; fileRef = 7EEAF56D1C1B0FDF0007374E /* CollectionViewController.m */; settings = {ASSET_TAGS = (); }; };
		7EEAF5711C1B11CE0007374E /* BIZCollectionViewLayout4plus1Grid.m in Sources */ = {isa = PBXBuildFile; fileRef = 7EEAF5701C1B11CE0007374E /* BIZCollectionViewLayout4plus1Grid.m */; settings = {ASSET_TAGS = (); }; };
		7EEAF5F71C1B13900007374E /* images in Resources */ = {isa = PBXBuildFile; fileRef = 7EEAF5F61C1B13900007374E /* images */; settings = {ASSET_TAGS = (); }; };
/* End PBXBuildFile section */

/* Begin PBXFileReference section */
		7EEAF54F1C1B0F380007374E /* ExampleBIZCollectionViewLayout4plus1Grid.app */ = {isa = PBXFileReference; explicitFileType = wrapper.application; includeInIndex = 0; path = ExampleBIZCollectionViewLayout4plus1Grid.app; sourceTree = BUILT_PRODUCTS_DIR; };
		7EEAF5531C1B0F380007374E /* main.m */ = {isa = PBXFileReference; lastKnownFileType = sourcecode.c.objc; path = main.m; sourceTree = "<group>"; };
		7EEAF5551C1B0F380007374E /* AppDelegate.h */ = {isa = PBXFileReference; lastKnownFileType = sourcecode.c.h; path = AppDelegate.h; sourceTree = "<group>"; };
		7EEAF5561C1B0F380007374E /* AppDelegate.m */ = {isa = PBXFileReference; lastKnownFileType = sourcecode.c.objc; path = AppDelegate.m; sourceTree = "<group>"; };
		7EEAF55C1C1B0F380007374E /* Base */ = {isa = PBXFileReference; lastKnownFileType = file.storyboard; name = Base; path = Base.lproj/Main.storyboard; sourceTree = "<group>"; };
		7EEAF55E1C1B0F380007374E /* Assets.xcassets */ = {isa = PBXFileReference; lastKnownFileType = folder.assetcatalog; path = Assets.xcassets; sourceTree = "<group>"; };
		7EEAF5611C1B0F380007374E /* Base */ = {isa = PBXFileReference; lastKnownFileType = file.storyboard; name = Base; path = Base.lproj/LaunchScreen.storyboard; sourceTree = "<group>"; };
		7EEAF5631C1B0F380007374E /* Info.plist */ = {isa = PBXFileReference; lastKnownFileType = text.plist.xml; path = Info.plist; sourceTree = "<group>"; };
		7EEAF5691C1B0FB10007374E /* ImageCollectionViewCell.h */ = {isa = PBXFileReference; fileEncoding = 4; lastKnownFileType = sourcecode.c.h; path = ImageCollectionViewCell.h; sourceTree = "<group>"; };
		7EEAF56A1C1B0FB10007374E /* ImageCollectionViewCell.m */ = {isa = PBXFileReference; fileEncoding = 4; lastKnownFileType = sourcecode.c.objc; path = ImageCollectionViewCell.m; sourceTree = "<group>"; };
		7EEAF56C1C1B0FDF0007374E /* CollectionViewController.h */ = {isa = PBXFileReference; fileEncoding = 4; lastKnownFileType = sourcecode.c.h; path = CollectionViewController.h; sourceTree = "<group>"; };
		7EEAF56D1C1B0FDF0007374E /* CollectionViewController.m */ = {isa = PBXFileReference; fileEncoding = 4; lastKnownFileType = sourcecode.c.objc; path = CollectionViewController.m; sourceTree = "<group>"; };
		7EEAF56F1C1B11CE0007374E /* BIZCollectionViewLayout4plus1Grid.h */ = {isa = PBXFileReference; fileEncoding = 4; lastKnownFileType = sourcecode.c.h; name = BIZCollectionViewLayout4plus1Grid.h; path = BIZCollectionViewLayout4plus1Grid/BIZCollectionViewLayout4plus1Grid.h; sourceTree = SOURCE_ROOT; };
		7EEAF5701C1B11CE0007374E /* BIZCollectionViewLayout4plus1Grid.m */ = {isa = PBXFileReference; fileEncoding = 4; lastKnownFileType = sourcecode.c.objc; name = BIZCollectionViewLayout4plus1Grid.m; path = BIZCollectionViewLayout4plus1Grid/BIZCollectionViewLayout4plus1Grid.m; sourceTree = SOURCE_ROOT; };
		7EEAF5F61C1B13900007374E /* images */ = {isa = PBXFileReference; lastKnownFileType = folder; path = images; sourceTree = "<group>"; };
/* End PBXFileReference section */

/* Begin PBXFrameworksBuildPhase section */
		7EEAF54C1C1B0F380007374E /* Frameworks */ = {
			isa = PBXFrameworksBuildPhase;
			buildActionMask = 2147483647;
			files = (
			);
			runOnlyForDeploymentPostprocessing = 0;
		};
/* End PBXFrameworksBuildPhase section */

/* Begin PBXGroup section */
		7EEAF5461C1B0F370007374E = {
			isa = PBXGroup;
			children = (
				7EEAF5511C1B0F380007374E /* ExampleBIZCollectionViewLayout4plus1Grid */,
				7EEAF5501C1B0F380007374E /* Products */,
			);
			sourceTree = "<group>";
		};
		7EEAF5501C1B0F380007374E /* Products */ = {
			isa = PBXGroup;
			children = (
				7EEAF54F1C1B0F380007374E /* ExampleBIZCollectionViewLayout4plus1Grid.app */,
			);
			name = Products;
			sourceTree = "<group>";
		};
		7EEAF5511C1B0F380007374E /* ExampleBIZCollectionViewLayout4plus1Grid */ = {
			isa = PBXGroup;
			children = (
				7EEAF5721C1B11D30007374E /* BIZCollectionViewLayout4plus1Grid */,
				7EEAF5691C1B0FB10007374E /* ImageCollectionViewCell.h */,
				7EEAF56A1C1B0FB10007374E /* ImageCollectionViewCell.m */,
				7EEAF56C1C1B0FDF0007374E /* CollectionViewController.h */,
				7EEAF56D1C1B0FDF0007374E /* CollectionViewController.m */,
				7EEAF55B1C1B0F380007374E /* Main.storyboard */,
				7EEAF5521C1B0F380007374E /* Supporting Files */,
			);
			path = ExampleBIZCollectionViewLayout4plus1Grid;
			sourceTree = "<group>";
		};
		7EEAF5521C1B0F380007374E /* Supporting Files */ = {
			isa = PBXGroup;
			children = (
				7EEAF5F61C1B13900007374E /* images */,
				7EEAF5551C1B0F380007374E /* AppDelegate.h */,
				7EEAF5561C1B0F380007374E /* AppDelegate.m */,
				7EEAF55E1C1B0F380007374E /* Assets.xcassets */,
				7EEAF5601C1B0F380007374E /* LaunchScreen.storyboard */,
				7EEAF5631C1B0F380007374E /* Info.plist */,
				7EEAF5531C1B0F380007374E /* main.m */,
			);
			name = "Supporting Files";
			sourceTree = "<group>";
		};
		7EEAF5721C1B11D30007374E /* BIZCollectionViewLayout4plus1Grid */ = {
			isa = PBXGroup;
			children = (
				7EEAF56F1C1B11CE0007374E /* BIZCollectionViewLayout4plus1Grid.h */,
				7EEAF5701C1B11CE0007374E /* BIZCollectionViewLayout4plus1Grid.m */,
			);
			name = BIZCollectionViewLayout4plus1Grid;
			sourceTree = "<group>";
		};
/* End PBXGroup section */

/* Begin PBXNativeTarget section */
		7EEAF54E1C1B0F380007374E /* ExampleBIZCollectionViewLayout4plus1Grid */ = {
			isa = PBXNativeTarget;
			buildConfigurationList = 7EEAF5661C1B0F380007374E /* Build configuration list for PBXNativeTarget "ExampleBIZCollectionViewLayout4plus1Grid" */;
			buildPhases = (
				7EEAF54B1C1B0F380007374E /* Sources */,
				7EEAF54C1C1B0F380007374E /* Frameworks */,
				7EEAF54D1C1B0F380007374E /* Resources */,
			);
			buildRules = (
			);
			dependencies = (
			);
			name = ExampleBIZCollectionViewLayout4plus1Grid;
			productName = ExampleBIZCollectionViewLayout4plus1Grid;
			productReference = 7EEAF54F1C1B0F380007374E /* ExampleBIZCollectionViewLayout4plus1Grid.app */;
			productType = "com.apple.product-type.application";
		};
/* End PBXNativeTarget section */

/* Begin PBXProject section */
		7EEAF5471C1B0F370007374E /* Project object */ = {
			isa = PBXProject;
			attributes = {
				LastUpgradeCheck = 0700;
				ORGANIZATIONNAME = "IgorBizi@mail.ru";
				TargetAttributes = {
					7EEAF54E1C1B0F380007374E = {
						CreatedOnToolsVersion = 7.0;
					};
				};
			};
			buildConfigurationList = 7EEAF54A1C1B0F370007374E /* Build configuration list for PBXProject "ExampleBIZCollectionViewLayout4plus1Grid" */;
			compatibilityVersion = "Xcode 3.2";
			developmentRegion = English;
			hasScannedForEncodings = 0;
			knownRegions = (
				en,
				Base,
			);
			mainGroup = 7EEAF5461C1B0F370007374E;
			productRefGroup = 7EEAF5501C1B0F380007374E /* Products */;
			projectDirPath = "";
			projectRoot = "";
			targets = (
				7EEAF54E1C1B0F380007374E /* ExampleBIZCollectionViewLayout4plus1Grid */,
			);
		};
/* End PBXProject section */

/* Begin PBXResourcesBuildPhase section */
		7EEAF54D1C1B0F380007374E /* Resources */ = {
			isa = PBXResourcesBuildPhase;
			buildActionMask = 2147483647;
			files = (
				7EEAF5F71C1B13900007374E /* images in Resources */,
				7EEAF5621C1B0F380007374E /* LaunchScreen.storyboard in Resources */,
				7EEAF55F1C1B0F380007374E /* Assets.xcassets in Resources */,
				7EEAF55D1C1B0F380007374E /* Main.storyboard in Resources */,
			);
			runOnlyForDeploymentPostprocessing = 0;
		};
/* End PBXResourcesBuildPhase section */

/* Begin PBXSourcesBuildPhase section */
		7EEAF54B1C1B0F380007374E /* Sources */ = {
			isa = PBXSourcesBuildPhase;
			buildActionMask = 2147483647;
			files = (
				7EEAF56E1C1B0FDF0007374E /* CollectionViewController.m in Sources */,
				7EEAF5711C1B11CE0007374E /* BIZCollectionViewLayout4plus1Grid.m in Sources */,
				7EEAF5571C1B0F380007374E /* AppDelegate.m in Sources */,
				7EEAF56B1C1B0FB10007374E /* ImageCollectionViewCell.m in Sources */,
				7EEAF5541C1B0F380007374E /* main.m in Sources */,
			);
			runOnlyForDeploymentPostprocessing = 0;
		};
/* End PBXSourcesBuildPhase section */

/* Begin PBXVariantGroup section */
		7EEAF55B1C1B0F380007374E /* Main.storyboard */ = {
			isa = PBXVariantGroup;
			children = (
				7EEAF55C1C1B0F380007374E /* Base */,
			);
			name = Main.storyboard;
			sourceTree = "<group>";
		};
		7EEAF5601C1B0F380007374E /* LaunchScreen.storyboard */ = {
			isa = PBXVariantGroup;
			children = (
				7EEAF5611C1B0F380007374E /* Base */,
			);
			name = LaunchScreen.storyboard;
			sourceTree = "<group>";
		};
/* End PBXVariantGroup section */

/* Begin XCBuildConfiguration section */
		7EEAF5641C1B0F380007374E /* Debug */ = {
			isa = XCBuildConfiguration;
			buildSettings = {
				ALWAYS_SEARCH_USER_PATHS = NO;
				CLANG_CXX_LANGUAGE_STANDARD = "gnu++0x";
				CLANG_CXX_LIBRARY = "libc++";
				CLANG_ENABLE_MODULES = YES;
				CLANG_ENABLE_OBJC_ARC = YES;
				CLANG_WARN_BOOL_CONVERSION = YES;
				CLANG_WARN_CONSTANT_CONVERSION = YES;
				CLANG_WARN_DIRECT_OBJC_ISA_USAGE = YES_ERROR;
				CLANG_WARN_EMPTY_BODY = YES;
				CLANG_WARN_ENUM_CONVERSION = YES;
				CLANG_WARN_INT_CONVERSION = YES;
				CLANG_WARN_OBJC_ROOT_CLASS = YES_ERROR;
				CLANG_WARN_UNREACHABLE_CODE = YES;
				CLANG_WARN__DUPLICATE_METHOD_MATCH = YES;
				"CODE_SIGN_IDENTITY[sdk=iphoneos*]" = "iPhone Developer";
				COPY_PHASE_STRIP = NO;
				DEBUG_INFORMATION_FORMAT = dwarf;
				ENABLE_STRICT_OBJC_MSGSEND = YES;
				ENABLE_TESTABILITY = YES;
				GCC_C_LANGUAGE_STANDARD = gnu99;
				GCC_DYNAMIC_NO_PIC = NO;
				GCC_NO_COMMON_BLOCKS = YES;
				GCC_OPTIMIZATION_LEVEL = 0;
				GCC_PREPROCESSOR_DEFINITIONS = (
					"DEBUG=1",
					"$(inherited)",
				);
				GCC_WARN_64_TO_32_BIT_CONVERSION = YES;
				GCC_WARN_ABOUT_RETURN_TYPE = YES_ERROR;
				GCC_WARN_UNDECLARED_SELECTOR = YES;
				GCC_WARN_UNINITIALIZED_AUTOS = YES_AGGRESSIVE;
				GCC_WARN_UNUSED_FUNCTION = YES;
				GCC_WARN_UNUSED_VARIABLE = YES;
				IPHONEOS_DEPLOYMENT_TARGET = 9.0;
				MTL_ENABLE_DEBUG_INFO = YES;
				ONLY_ACTIVE_ARCH = YES;
				SDKROOT = iphoneos;
			};
			name = Debug;
		};
		7EEAF5651C1B0F380007374E /* Release */ = {
			isa = XCBuildConfiguration;
			buildSettings = {
				ALWAYS_SEARCH_USER_PATHS = NO;
				CLANG_CXX_LANGUAGE_STANDARD = "gnu++0x";
				CLANG_CXX_LIBRARY = "libc++";
				CLANG_ENABLE_MODULES = YES;
				CLANG_ENABLE_OBJC_ARC = YES;
				CLANG_WARN_BOOL_CONVERSION = YES;
				CLANG_WARN_CONSTANT_CONVERSION = YES;
				CLANG_WARN_DIRECT_OBJC_ISA_USAGE = YES_ERROR;
				CLANG_WARN_EMPTY_BODY = YES;
				CLANG_WARN_ENUM_CONVERSION = YES;
				CLANG_WARN_INT_CONVERSION = YES;
				CLANG_WARN_OBJC_ROOT_CLASS = YES_ERROR;
				CLANG_WARN_UNREACHABLE_CODE = YES;
				CLANG_WARN__DUPLICATE_METHOD_MATCH = YES;
				"CODE_SIGN_IDENTITY[sdk=iphoneos*]" = "iPhone Developer";
				COPY_PHASE_STRIP = NO;
				DEBUG_INFORMATION_FORMAT = "dwarf-with-dsym";
				ENABLE_NS_ASSERTIONS = NO;
				ENABLE_STRICT_OBJC_MSGSEND = YES;
				GCC_C_LANGUAGE_STANDARD = gnu99;
				GCC_NO_COMMON_BLOCKS = YES;
				GCC_WARN_64_TO_32_BIT_CONVERSION = YES;
				GCC_WARN_ABOUT_RETURN_TYPE = YES_ERROR;
				GCC_WARN_UNDECLARED_SELECTOR = YES;
				GCC_WARN_UNINITIALIZED_AUTOS = YES_AGGRESSIVE;
				GCC_WARN_UNUSED_FUNCTION = YES;
				GCC_WARN_UNUSED_VARIABLE = YES;
				IPHONEOS_DEPLOYMENT_TARGET = 9.0;
				MTL_ENABLE_DEBUG_INFO = NO;
				SDKROOT = iphoneos;
				VALIDATE_PRODUCT = YES;
			};
			name = Release;
		};
		7EEAF5671C1B0F380007374E /* Debug */ = {
			isa = XCBuildConfiguration;
			buildSettings = {
				ASSETCATALOG_COMPILER_APPICON_NAME = AppIcon;
				INFOPLIST_FILE = ExampleBIZCollectionViewLayout4plus1Grid/Info.plist;
				LD_RUNPATH_SEARCH_PATHS = "$(inherited) @executable_path/Frameworks";
				PRODUCT_BUNDLE_IDENTIFIER = com.igorbizi.ExampleBIZCollectionViewLayout4plus1Grid;
				PRODUCT_NAME = "$(TARGET_NAME)";
			};
			name = Debug;
		};
		7EEAF5681C1B0F380007374E /* Release */ = {
			isa = XCBuildConfiguration;
			buildSettings = {
				ASSETCATALOG_COMPILER_APPICON_NAME = AppIcon;
				INFOPLIST_FILE = ExampleBIZCollectionViewLayout4plus1Grid/Info.plist;
				LD_RUNPATH_SEARCH_PATHS = "$(inherited) @executable_path/Frameworks";
				PRODUCT_BUNDLE_IDENTIFIER = com.igorbizi.ExampleBIZCollectionViewLayout4plus1Grid;
				PRODUCT_NAME = "$(TARGET_NAME)";
			};
			name = Release;
		};
/* End XCBuildConfiguration section */

/* Begin XCConfigurationList section */
		7EEAF54A1C1B0F370007374E /* Build configuration list for PBXProject "ExampleBIZCollectionViewLayout4plus1Grid" */ = {
			isa = XCConfigurationList;
			buildConfigurations = (
				7EEAF5641C1B0F380007374E /* Debug */,
				7EEAF5651C1B0F380007374E /* Release */,
			);
			defaultConfigurationIsVisible = 0;
			defaultConfigurationName = Release;
		};
		7EEAF5661C1B0F380007374E /* Build configuration list for PBXNativeTarget "ExampleBIZCollectionViewLayout4plus1Grid" */ = {
			isa = XCConfigurationList;
			buildConfigurations = (
				7EEAF5671C1B0F380007374E /* Debug */,
				7EEAF5681C1B0F380007374E /* Release */,
			);
			defaultConfigurationIsVisible = 0;
		};
/* End XCConfigurationList section */
	};
	rootObject = 7EEAF5471C1B0F370007374E /* Project object */;
}
